
Microsoft Visual Studio Solution File, Format Version 12.00
# Visual Studio Version 17
VisualStudioVersion = 17.9.34902.65
MinimumVisualStudioVersion = 10.0.40219.1
Project("{9A19103F-16F7-4668-BE54-9A1E7A4F7556}") = "ProjektASP_NET", "ProjektASP_NET\ProjektASP_NET.csproj", "{AB71BAC4-7964-4C7A-B814-20D8B4D9A218}"
EndProject
Global
	GlobalSection(SolutionConfigurationPlatforms) = preSolution
		Debug|Any CPU = Debug|Any CPU
		Release|Any CPU = Release|Any CPU
	EndGlobalSection
	GlobalSection(ProjectConfigurationPlatforms) = postSolution
		{AB71BAC4-7964-4C7A-B814-20D8B4D9A218}.Debug|Any CPU.ActiveCfg = Debug|Any CPU
		{AB71BAC4-7964-4C7A-B814-20D8B4D9A218}.Debug|Any CPU.Build.0 = Debug|Any CPU
		{AB71BAC4-7964-4C7A-B814-20D8B4D9A218}.Release|Any CPU.ActiveCfg = Release|Any CPU
		{AB71BAC4-7964-4C7A-B814-20D8B4D9A218}.Release|Any CPU.Build.0 = Release|Any CPU
	EndGlobalSection
	GlobalSection(SolutionProperties) = preSolution
		HideSolutionNode = FALSE
	EndGlobalSection
	GlobalSection(ExtensibilityGlobals) = postSolution
		SolutionGuid = {B455E239-0785-48F6-A3AB-BCA3D532B019}
	EndGlobalSection
EndGlobal
